
Microsoft Visual Studio Solution File, Format Version 12.00
# Visual Studio Version 17
VisualStudioVersion = 17.14.36616.10 d17.14
MinimumVisualStudioVersion = 10.0.40219.1
Project("{FAE04EC0-301F-11D3-BF4B-00C04F79EFBC}") = "AgroVisionAI", "AgroVisionAI\AgroVisionAI.csproj", "{F3E0C06B-C7B9-4ABC-83A8-1B555122B01A}"
EndProject
Global
	GlobalSection(SolutionConfigurationPlatforms) = preSolution
		Debug|Any CPU = Debug|Any CPU
		Release|Any CPU = Release|Any CPU
	EndGlobalSection
	GlobalSection(ProjectConfigurationPlatforms) = postSolution
		{F3E0C06B-C7B9-4ABC-83A8-1B555122B01A}.Debug|Any CPU.ActiveCfg = Debug|Any CPU
		{F3E0C06B-C7B9-4ABC-83A8-1B555122B01A}.Debug|Any CPU.Build.0 = Debug|Any CPU
		{F3E0C06B-C7B9-4ABC-83A8-1B555122B01A}.Release|Any CPU.ActiveCfg = Release|Any CPU
		{F3E0C06B-C7B9-4ABC-83A8-1B555122B01A}.Release|Any CPU.Build.0 = Release|Any CPU
	EndGlobalSection
	GlobalSection(SolutionProperties) = preSolution
		HideSolutionNode = FALSE
	EndGlobalSection
	GlobalSection(ExtensibilityGlobals) = postSolution
		SolutionGuid = {0D4023E4-ECA2-4ACD-A7A9-63EB5FEEFF11}
	EndGlobalSection
EndGlobal
